# THIS IS AN AUTOGENERATED FILE. DO NOT EDIT THIS FILE DIRECTLY.
# yarn lockfile v1


async@*:
  version "3.2.2"
  resolved "https://registry.yarnpkg.com/async/-/async-3.2.2.tgz#2eb7671034bb2194d45d30e31e24ec7e7f9670cd"
  integrity sha512-H0E+qZaDEfx/FY4t7iLRv1W2fFI6+pyCeTw1uN20AQPiwqwM6ojPxHxdLv4z8hi2DtnW9BOckSspLucW7pIE5g==

axios@^0.21.1:
  version "0.21.4"
  resolved "https://registry.yarnpkg.com/axios/-/axios-0.21.4.tgz#c67b90dc0568e5c1cf2b0b858c43ba28e2eda575"
  integrity sha512-ut5vewkiu8jjGBdqpM44XxjuCjq9LAKeHVmoVfHVzy8eHgxxq8SbAVQNovDA8mVi05kP0Ea/n/UzcSHcTJQfNg==
  dependencies:
    follow-redirects "^1.14.0"

balanced-match@^1.0.0:
  version "1.0.2"
  resolved "https://registry.yarnpkg.com/balanced-match/-/balanced-match-1.0.2.tgz#e83e3a7e3f300b34cb9d87f615fa0cbf357690ee"
  integrity sha512-3oSeUO0TMV67hN1AmbXsK4yaqU7tjiHlbxRDZOpH0KW9+CeX4bRAaX0Anxt0tx2MrpRpWwQaPwIlISEJhYU5Pw==

binary@~0.3.0:
  version "0.3.0"
  resolved "https://registry.yarnpkg.com/binary/-/binary-0.3.0.tgz#9f60553bc5ce8c3386f3b553cff47462adecaa79"
  integrity sha1-n2BVO8XOjDOG87VTz/R0Yq3sqnk=
  dependencies:
    buffers "~0.1.1"
    chainsaw "~0.1.0"

bluebird@^3.5.5:
  version "3.7.2"
  resolved "https://registry.yarnpkg.com/bluebird/-/bluebird-3.7.2.tgz#9f229c15be272454ffa973ace0dbee79a1b0c36f"
  integrity sha512-XpNj6GDQzdfW+r2Wnn7xiSAd7TM3jzkxGXBGTtWKuSXv1xUV+azxAm8jdWZN06QTQk+2N2XB9jRDkvbmQmcRtg==

boolbase@~1.0.0:
  version "1.0.0"
  resolved "https://registry.yarnpkg.com/boolbase/-/boolbase-1.0.0.tgz#68dff5fbe60c51eb37725ea9e3ed310dcc1e776e"
  integrity sha1-aN/1++YMUes3cl6p4+0xDcwed24=

brace-expansion@^1.1.7:
  version "1.1.11"
  resolved "https://registry.yarnpkg.com/brace-expansion/-/brace-expansion-1.1.11.tgz#3c7fcbf529d87226f3d2f52b966ff5271eb441dd"
  integrity sha512-iCuPHDFgrHX7H2vEI/5xpz07zSHB00TpugqhmYtVmMO6518mCuRMoOYFldEBl0g187ufozdaHgWKcYFb61qGiA==
  dependencies:
    balanced-match "^1.0.0"
    concat-map "0.0.1"

buffers@~0.1.1:
  version "0.1.1"
  resolved "https://registry.yarnpkg.com/buffers/-/buffers-0.1.1.tgz#b24579c3bed4d6d396aeee6d9a8ae7f5482ab7bb"
  integrity sha1-skV5w77U1tOWru5tmorn9Ugqt7s=

chainsaw@~0.1.0:
  version "0.1.0"
  resolved "https://registry.yarnpkg.com/chainsaw/-/chainsaw-0.1.0.tgz#5eab50b28afe58074d0d58291388828b5e5fbc98"
  integrity sha1-XqtQsor+WAdNDVgpE4iCi15fvJg=
  dependencies:
    traverse ">=0.3.0 <0.4"

cheerio@*:
  version "0.22.0"
  resolved "https://registry.yarnpkg.com/cheerio/-/cheerio-0.22.0.tgz#a9baa860a3f9b595a6b81b1a86873121ed3a269e"
  integrity sha1-qbqoYKP5tZWmuBsahocxIe06Jp4=
  dependencies:
    css-select "~1.2.0"
    dom-serializer "~0.1.0"
    entities "~1.1.1"
    htmlparser2 "^3.9.1"
    lodash.assignin "^4.0.9"
    lodash.bind "^4.1.4"
    lodash.defaults "^4.0.1"
    lodash.filter "^4.4.0"
    lodash.flatten "^4.2.0"
    lodash.foreach "^4.3.0"
    lodash.map "^4.4.0"
    lodash.merge "^4.4.0"
    lodash.pick "^4.2.1"
    lodash.reduce "^4.4.0"
    lodash.reject "^4.4.0"
    lodash.some "^4.4.0"

cli-real-favicon@^0.0.8:
  version "0.0.8"
  resolved "https://registry.yarnpkg.com/cli-real-favicon/-/cli-real-favicon-0.0.8.tgz#0c72a862b3ff1fc432b18c978777fdcdba2f7e6a"
  integrity sha512-ZuymVh8nbEB4+iHsz4zZYyZfUr7DakWwY4p8LYI7u3eF/ysn4FzaHNgGpKMCZhze7BaZA+enGIwJSzOqTAJOjQ==
  dependencies:
    bluebird "^3.5.5"
    commander "^2.20.0"
    glob "^6.0.4"
    rfg-api "^0.5.0"

commander@^2.20.0:
  version "2.20.3"
  resolved "https://registry.yarnpkg.com/commander/-/commander-2.20.3.tgz#fd485e84c03eb4881c20722ba48035e8531aeb33"
  integrity sha512-GpVkmM8vF2vQUkj2LvZmD35JxeJOLCwJ9cUkugyk2nuhbv3+mJvpLYYt+0+USMxE+oj+ey/lJEnhZw75x/OMcQ==

concat-map@0.0.1:
  version "0.0.1"
  resolved "https://registry.yarnpkg.com/concat-map/-/concat-map-0.0.1.tgz#d8a96bd77fd68df7793a73036a3ba0d5405d477b"
  integrity sha1-2Klr13/Wjfd5OnMDajug1UBdR3s=

core-util-is@~1.0.0:
  version "1.0.3"
  resolved "https://registry.yarnpkg.com/core-util-is/-/core-util-is-1.0.3.tgz#a6042d3634c2b27e9328f837b965fac83808db85"
  integrity sha512-ZQBvi1DcpJ4GDqanjucZ2Hj3wEO5pZDS89BWbkcrvdxksJorwUDDZamX9ldFkp9aw2lmBDLgkObEA4DWNJ9FYQ==

css-select@~1.2.0:
  version "1.2.0"
  resolved "https://registry.yarnpkg.com/css-select/-/css-select-1.2.0.tgz#2b3a110539c5355f1cd8d314623e870b121ec858"
  integrity sha1-KzoRBTnFNV8c2NMUYj6HCxIeyFg=
  dependencies:
    boolbase "~1.0.0"
    css-what "2.1"
    domutils "1.5.1"
    nth-check "~1.0.1"

css-what@2.1:
  version "2.1.3"
  resolved "https://registry.yarnpkg.com/css-what/-/css-what-2.1.3.tgz#a6d7604573365fe74686c3f311c56513d88285f2"
  integrity sha512-a+EPoD+uZiNfh+5fxw2nO9QwFa6nJe2Or35fGY6Ipw1R3R4AGz1d1TEZrCegvw2YTmZ0jXirGYlzxxpYSHwpEg==

dom-serializer@0:
  version "0.2.2"
  resolved "https://registry.yarnpkg.com/dom-serializer/-/dom-serializer-0.2.2.tgz#1afb81f533717175d478655debc5e332d9f9bb51"
  integrity sha512-2/xPb3ORsQ42nHYiSunXkDjPLBaEj/xTwUO4B7XCZQTRk7EBtTOPaygh10YAAh2OI1Qrp6NWfpAhzswj0ydt9g==
  dependencies:
    domelementtype "^2.0.1"
    entities "^2.0.0"

dom-serializer@~0.1.0:
  version "0.1.1"
  resolved "https://registry.yarnpkg.com/dom-serializer/-/dom-serializer-0.1.1.tgz#1ec4059e284babed36eec2941d4a970a189ce7c0"
  integrity sha512-l0IU0pPzLWSHBcieZbpOKgkIn3ts3vAh7ZuFyXNwJxJXk/c4Gwj9xaTJwIDVQCXawWD0qb3IzMGH5rglQaO0XA==
  dependencies:
    domelementtype "^1.3.0"
    entities "^1.1.1"

domelementtype@1, domelementtype@^1.3.0, domelementtype@^1.3.1:
  version "1.3.1"
  resolved "https://registry.yarnpkg.com/domelementtype/-/domelementtype-1.3.1.tgz#d048c44b37b0d10a7f2a3d5fee3f4333d790481f"
  integrity sha512-BSKB+TSpMpFI/HOxCNr1O8aMOTZ8hT3pM3GQ0w/mWRmkhEDSFJkkyzz4XQsBV44BChwGkrDfMyjVD0eA2aFV3w==

domelementtype@^2.0.1:
  version "2.2.0"
  resolved "https://registry.yarnpkg.com/domelementtype/-/domelementtype-2.2.0.tgz#9a0b6c2782ed6a1c7323d42267183df9bd8b1d57"
  integrity sha512-DtBMo82pv1dFtUmHyr48beiuq792Sxohr+8Hm9zoxklYPfa6n0Z3Byjj2IV7bmr2IyqClnqEQhfgHJJ5QF0R5A==

domhandler@^2.3.0:
  version "2.4.2"
  resolved "https://registry.yarnpkg.com/domhandler/-/domhandler-2.4.2.tgz#8805097e933d65e85546f726d60f5eb88b44f803"
  integrity sha512-JiK04h0Ht5u/80fdLMCEmV4zkNh2BcoMFBmZ/91WtYZ8qVXSKjiw7fXMgFPnHcSZgOo3XdinHvmnDUeMf5R4wA==
  dependencies:
    domelementtype "1"

domutils@1.5.1:
  version "1.5.1"
  resolved "https://registry.yarnpkg.com/domutils/-/domutils-1.5.1.tgz#dcd8488a26f563d61079e48c9f7b7e32373682cf"
  integrity sha1-3NhIiib1Y9YQeeSMn3t+Mjc2gs8=
  dependencies:
    dom-serializer "0"
    domelementtype "1"

domutils@^1.5.1:
  version "1.7.0"
  resolved "https://registry.yarnpkg.com/domutils/-/domutils-1.7.0.tgz#56ea341e834e06e6748af7a1cb25da67ea9f8c2a"
  integrity sha512-Lgd2XcJ/NjEw+7tFvfKxOzCYKZsdct5lczQ2ZaQY8Djz7pfAD3Gbp8ySJWtreII/vDlMVmxwa6pHmdxIYgttDg==
  dependencies:
    dom-serializer "0"
    domelementtype "1"

entities@^1.1.1, entities@~1.1.1:
  version "1.1.2"
  resolved "https://registry.yarnpkg.com/entities/-/entities-1.1.2.tgz#bdfa735299664dfafd34529ed4f8522a275fea56"
  integrity sha512-f2LZMYl1Fzu7YSBKg+RoROelpOaNrcGmE9AZubeDfrCEia483oW4MI4VyFd5VNHIgQ/7qm1I0wUHK1eJnn2y2w==

entities@^2.0.0:
  version "2.2.0"
  resolved "https://registry.yarnpkg.com/entities/-/entities-2.2.0.tgz#098dc90ebb83d8dffa089d55256b351d34c4da55"
  integrity sha512-p92if5Nz619I0w+akJrLZH0MX0Pb5DX39XOwQTtXSdQQOaYH03S1uIQp4mhOZtAXrxq4ViO67YTiLBo2638o9A==

follow-redirects@^1.14.0:
  version "1.14.6"
  resolved "https://registry.yarnpkg.com/follow-redirects/-/follow-redirects-1.14.6.tgz#8cfb281bbc035b3c067d6cd975b0f6ade6e855cd"
  integrity sha512-fhUl5EwSJbbl8AR+uYL2KQDxLkdSjZGR36xy46AO7cOMTrCMON6Sa28FmAnC2tRTDbd/Uuzz3aJBv7EBN7JH8A==

fs.realpath@^1.0.0:
  version "1.0.0"
  resolved "https://registry.yarnpkg.com/fs.realpath/-/fs.realpath-1.0.0.tgz#1504ad2523158caa40db4a2787cb01411994ea4f"
  integrity sha1-FQStJSMVjKpA20onh8sBQRmU6k8=

fstream@^1.0.2, fstream@~1.0.12:
  version "1.0.12"
  resolved "https://registry.yarnpkg.com/fstream/-/fstream-1.0.12.tgz#4e8ba8ee2d48be4f7d0de505455548eae5932045"
  integrity sha512-WvJ193OHa0GHPEL+AycEJgxvBEwyfRkN1vhjca23OaPVMCaLCXTd5qAu82AjTcgP1UJmytkOKb63Ypde7raDIg==
  dependencies:
    graceful-fs "^4.1.2"
    inherits "~2.0.0"
    mkdirp ">=0.5 0"
    rimraf "2"

glob@^6.0.4:
  version "6.0.4"
  resolved "https://registry.yarnpkg.com/glob/-/glob-6.0.4.tgz#0f08860f6a155127b2fadd4f9ce24b1aab6e4d22"
  integrity sha1-DwiGD2oVUSey+t1PnOJLGqtuTSI=
  dependencies:
    inflight "^1.0.4"
    inherits "2"
    minimatch "2 || 3"
    once "^1.3.0"
    path-is-absolute "^1.0.0"

glob@^7.1.3:
  version "7.2.0"
  resolved "https://registry.yarnpkg.com/glob/-/glob-7.2.0.tgz#d15535af7732e02e948f4c41628bd910293f6023"
  integrity sha512-lmLf6gtyrPq8tTjSmrO94wBeQbFR3HbLHbuyD69wuyQkImp2hWqMGB47OX65FBkPffO641IP9jWa1z4ivqG26Q==
  dependencies:
    fs.realpath "^1.0.0"
    inflight "^1.0.4"
    inherits "2"
    minimatch "^3.0.4"
    once "^1.3.0"
    path-is-absolute "^1.0.0"

graceful-fs@^4.1.2:
  version "4.2.8"
  resolved "https://registry.yarnpkg.com/graceful-fs/-/graceful-fs-4.2.8.tgz#e412b8d33f5e006593cbd3cee6df9f2cebbe802a"
  integrity sha512-qkIilPUYcNhJpd33n0GBXTB1MMPp14TxEsEs0pTrsSVucApsYzW5V+Q8Qxhik6KU3evy+qkAAowTByymK0avdg==

htmlparser2@^3.9.1:
  version "3.10.1"
  resolved "https://registry.yarnpkg.com/htmlparser2/-/htmlparser2-3.10.1.tgz#bd679dc3f59897b6a34bb10749c855bb53a9392f"
  integrity sha512-IgieNijUMbkDovyoKObU1DUhm1iwNYE/fuifEoEHfd1oZKZDaONBSkal7Y01shxsM49R4XaMdGez3WnF9UfiCQ==
  dependencies:
    domelementtype "^1.3.1"
    domhandler "^2.3.0"
    domutils "^1.5.1"
    entities "^1.1.1"
    inherits "^2.0.1"
    readable-stream "^3.1.1"

inflight@^1.0.4:
  version "1.0.6"
  resolved "https://registry.yarnpkg.com/inflight/-/inflight-1.0.6.tgz#49bd6331d7d02d0c09bc910a1075ba8165b56df9"
  integrity sha1-Sb1jMdfQLQwJvJEKEHW6gWW1bfk=
  dependencies:
    once "^1.3.0"
    wrappy "1"

inherits@2, inherits@^2.0.1, inherits@^2.0.3, inherits@~2.0.0, inherits@~2.0.1:
  version "2.0.4"
  resolved "https://registry.yarnpkg.com/inherits/-/inherits-2.0.4.tgz#0fa2c64f932917c3433a0ded55363aae37416b7c"
  integrity sha512-k/vGaX4/Yla3WzyMCvTQOXYeIHvqOKtnqBduzTHpzpQZzAskKMhZ2K+EnBiSM9zGSoIFeMpXKxa4dYeZIQqewQ==

isarray@0.0.1:
  version "0.0.1"
  resolved "https://registry.yarnpkg.com/isarray/-/isarray-0.0.1.tgz#8a18acfca9a8f4177e09abfc6038939b05d1eedf"
  integrity sha1-ihis/Kmo9Bd+Cav8YDiTmwXR7t8=

lodash.assignin@^4.0.9:
  version "4.2.0"
  resolved "https://registry.yarnpkg.com/lodash.assignin/-/lodash.assignin-4.2.0.tgz#ba8df5fb841eb0a3e8044232b0e263a8dc6a28a2"
  integrity sha1-uo31+4QesKPoBEIysOJjqNxqKKI=

lodash.bind@^4.1.4:
  version "4.2.1"
  resolved "https://registry.yarnpkg.com/lodash.bind/-/lodash.bind-4.2.1.tgz#7ae3017e939622ac31b7d7d7dcb1b34db1690d35"
  integrity sha1-euMBfpOWIqwxt9fX3LGzTbFpDTU=

lodash.defaults@^4.0.1:
  version "4.2.0"
  resolved "https://registry.yarnpkg.com/lodash.defaults/-/lodash.defaults-4.2.0.tgz#d09178716ffea4dde9e5fb7b37f6f0802274580c"
  integrity sha1-0JF4cW/+pN3p5ft7N/bwgCJ0WAw=

lodash.filter@^4.4.0:
  version "4.6.0"
  resolved "https://registry.yarnpkg.com/lodash.filter/-/lodash.filter-4.6.0.tgz#668b1d4981603ae1cc5a6fa760143e480b4c4ace"
  integrity sha1-ZosdSYFgOuHMWm+nYBQ+SAtMSs4=

lodash.flatten@^4.2.0:
  version "4.4.0"
  resolved "https://registry.yarnpkg.com/lodash.flatten/-/lodash.flatten-4.4.0.tgz#f31c22225a9632d2bbf8e4addbef240aa765a61f"
  integrity sha1-8xwiIlqWMtK7+OSt2+8kCqdlph8=

lodash.foreach@^4.3.0:
  version "4.5.0"
  resolved "https://registry.yarnpkg.com/lodash.foreach/-/lodash.foreach-4.5.0.tgz#1a6a35eace401280c7f06dddec35165ab27e3e53"
  integrity sha1-Gmo16s5AEoDH8G3d7DUWWrJ+PlM=

lodash.map@^4.4.0:
  version "4.6.0"
  resolved "https://registry.yarnpkg.com/lodash.map/-/lodash.map-4.6.0.tgz#771ec7839e3473d9c4cde28b19394c3562f4f6d3"
  integrity sha1-dx7Hg540c9nEzeKLGTlMNWL09tM=

lodash.merge@^4.4.0:
  version "4.6.2"
  resolved "https://registry.yarnpkg.com/lodash.merge/-/lodash.merge-4.6.2.tgz#558aa53b43b661e1925a0afdfa36a9a1085fe57a"
  integrity sha512-0KpjqXRVvrYyCsX1swR/XTK0va6VQkQM6MNo7PqW77ByjAhoARA8EfrP1N4+KlKj8YS0ZUCtRT/YUuhyYDujIQ==

lodash.pick@^4.2.1:
  version "4.4.0"
  resolved "https://registry.yarnpkg.com/lodash.pick/-/lodash.pick-4.4.0.tgz#52f05610fff9ded422611441ed1fc123a03001b3"
  integrity sha1-UvBWEP/53tQiYRRB7R/BI6AwAbM=

lodash.reduce@^4.4.0:
  version "4.6.0"
  resolved "https://registry.yarnpkg.com/lodash.reduce/-/lodash.reduce-4.6.0.tgz#f1ab6b839299ad48f784abbf476596f03b914d3b"
  integrity sha1-8atrg5KZrUj3hKu/R2WW8DuRTTs=

lodash.reject@^4.4.0:
  version "4.6.0"
  resolved "https://registry.yarnpkg.com/lodash.reject/-/lodash.reject-4.6.0.tgz#80d6492dc1470864bbf583533b651f42a9f52415"
  integrity sha1-gNZJLcFHCGS79YNTO2UfQqn1JBU=

lodash.some@^4.4.0:
  version "4.6.0"
  resolved "https://registry.yarnpkg.com/lodash.some/-/lodash.some-4.6.0.tgz#1bb9f314ef6b8baded13b549169b2a945eb68e4d"
  integrity sha1-G7nzFO9ri63tE7VJFpsqlF62jk0=

match-stream@~0.0.2:
  version "0.0.2"
  resolved "https://registry.yarnpkg.com/match-stream/-/match-stream-0.0.2.tgz#99eb050093b34dffade421b9ac0b410a9cfa17cf"
  integrity sha1-mesFAJOzTf+t5CG5rAtBCpz6F88=
  dependencies:
    buffers "~0.1.1"
    readable-stream "~1.0.0"

metaparser@^1.0.7:
  version "1.0.7"
  resolved "https://registry.yarnpkg.com/metaparser/-/metaparser-1.0.7.tgz#c0699a6686a07a8bce1ac06b62e9462c2e66aaca"
  integrity sha1-wGmaZoageovOGsBrYulGLC5mqso=
  dependencies:
    async "*"
    cheerio "*"
    mkdirp "*"
    underscore "*"

"minimatch@2 || 3", minimatch@^3.0.4:
  version "3.0.4"
  resolved "https://registry.yarnpkg.com/minimatch/-/minimatch-3.0.4.tgz#5166e286457f03306064be5497e8dbb0c3d32083"
  integrity sha512-yJHVQEhyqPLUTgt9B83PXu6W3rx4MvvHvSUvToogpwoGDOUQ+yDrR0HRot+yOCdCO7u4hX3pWft6kWBBcqh0UA==
  dependencies:
    brace-expansion "^1.1.7"

minimist@^1.2.5:
  version "1.2.5"
  resolved "https://registry.yarnpkg.com/minimist/-/minimist-1.2.5.tgz#67d66014b66a6a8aaa0c083c5fd58df4e4e97602"
  integrity sha512-FM9nNUYrRBAELZQT3xeZQ7fmMOBg6nWNmJKTcgsJeaLstP/UODVpGsr5OhXhhXg6f+qtJ8uiZ+PUxkDWcgIXLw==

mkdirp@*:
  version "1.0.4"
  resolved "https://registry.yarnpkg.com/mkdirp/-/mkdirp-1.0.4.tgz#3eb5ed62622756d79a5f0e2a221dfebad75c2f7e"
  integrity sha512-vVqVZQyf3WLx2Shd0qJ9xuvqgAyKPLAiqITEtqW0oIUjzo3PePDd6fW9iFz30ef7Ysp/oiWqbhszeGWW2T6Gzw==

"mkdirp@>=0.5 0", mkdirp@^0.5.0:
  version "0.5.5"
  resolved "https://registry.yarnpkg.com/mkdirp/-/mkdirp-0.5.5.tgz#d91cefd62d1436ca0f41620e251288d420099def"
  integrity sha512-NKmAlESf6jMGym1++R0Ra7wvhV+wFW63FaSOFPwRahvea0gMUcGUhVeAg/0BC0wiv9ih5NYPB1Wn1UEI1/L+xQ==
  dependencies:
    minimist "^1.2.5"

node-unzip-2@^0.2.7:
  version "0.2.8"
  resolved "https://registry.yarnpkg.com/node-unzip-2/-/node-unzip-2-0.2.8.tgz#246f6c2ad30279aeb9d20d4de942a6fb94d81149"
  integrity sha512-fmJi73zTRW7RSo/1wyrKc2srKMwb3L6Ppke/7elzQ0QRt6sUjfiIcVsWdrqO5uEHAdvRKXjoySuo4HYe5BB0rw==
  dependencies:
    binary "~0.3.0"
    fstream "~1.0.12"
    match-stream "~0.0.2"
    pullstream "~0.4.0"
    readable-stream "~1.0.0"
    setimmediate "~1.0.1"

nth-check@~1.0.1:
  version "1.0.2"
  resolved "https://registry.yarnpkg.com/nth-check/-/nth-check-1.0.2.tgz#b2bd295c37e3dd58a3bf0700376663ba4d9cf05c"
  integrity sha512-WeBOdju8SnzPN5vTUJYxYUxLeXpCaVP5i5e0LF8fg7WORF2Wd7wFX/pk0tYZk7s8T+J7VLy0Da6J1+wCT0AtHg==
  dependencies:
    boolbase "~1.0.0"

once@^1.3.0:
  version "1.4.0"
  resolved "https://registry.yarnpkg.com/once/-/once-1.4.0.tgz#583b1aa775961d4b113ac17d9c50baef9dd76bd1"
  integrity sha1-WDsap3WWHUsROsF9nFC6753Xa9E=
  dependencies:
    wrappy "1"

"over@>= 0.0.5 < 1":
  version "0.0.5"
  resolved "https://registry.yarnpkg.com/over/-/over-0.0.5.tgz#f29852e70fd7e25f360e013a8ec44c82aedb5708"
  integrity sha1-8phS5w/X4l82DgE6jsRMgq7bVwg=

path-is-absolute@^1.0.0:
  version "1.0.1"
  resolved "https://registry.yarnpkg.com/path-is-absolute/-/path-is-absolute-1.0.1.tgz#174b9268735534ffbc7ace6bf53a5a9e1b5c5f5f"
  integrity sha1-F0uSaHNVNP+8es5r9TpanhtcX18=

pullstream@~0.4.0:
  version "0.4.1"
  resolved "https://registry.yarnpkg.com/pullstream/-/pullstream-0.4.1.tgz#d6fb3bf5aed697e831150eb1002c25a3f8ae1314"
  integrity sha1-1vs79a7Wl+gxFQ6xACwlo/iuExQ=
  dependencies:
    over ">= 0.0.5 < 1"
    readable-stream "~1.0.31"
    setimmediate ">= 1.0.2 < 2"
    slice-stream ">= 1.0.0 < 2"

readable-stream@^3.1.1:
  version "3.6.0"
  resolved "https://registry.yarnpkg.com/readable-stream/-/readable-stream-3.6.0.tgz#337bbda3adc0706bd3e024426a286d4b4b2c9198"
  integrity sha512-BViHy7LKeTz4oNnkcLJ+lVSL6vpiFeX6/d3oSH8zCW7UxP2onchk+vTGB143xuFjHS3deTgkKoXXymXqymiIdA==
  dependencies:
    inherits "^2.0.3"
    string_decoder "^1.1.1"
    util-deprecate "^1.0.1"

readable-stream@~1.0.0, readable-stream@~1.0.31:
  version "1.0.34"
  resolved "https://registry.yarnpkg.com/readable-stream/-/readable-stream-1.0.34.tgz#125820e34bc842d2f2aaafafe4c2916ee32c157c"
  integrity sha1-Elgg40vIQtLyqq+v5MKRbuMsFXw=
  dependencies:
    core-util-is "~1.0.0"
    inherits "~2.0.1"
    isarray "0.0.1"
    string_decoder "~0.10.x"

rfg-api@^0.5.0:
  version "0.5.2"
  resolved "https://registry.yarnpkg.com/rfg-api/-/rfg-api-0.5.2.tgz#babd72a8b81645cb0f50d89f89f1eecef59f241f"
  integrity sha512-2SaUwjAhRsIafTo4cBK9lvZm762IP2Z58JmtY0swxYcC6la2dRMR0i4ok9lIQ9Snz8hqh5RzG6y8ygrUmKHZ9A==
  dependencies:
    axios "^0.21.1"
    fstream "^1.0.2"
    metaparser "^1.0.7"
    mkdirp "^0.5.0"
    node-unzip-2 "^0.2.7"

rimraf@2:
  version "2.7.1"
  resolved "https://registry.yarnpkg.com/rimraf/-/rimraf-2.7.1.tgz#35797f13a7fdadc566142c29d4f07ccad483e3ec"
  integrity sha512-uWjbaKIK3T1OSVptzX7Nl6PvQ3qAGtKEtVRjRuazjfL3Bx5eI409VZSqgND+4UNnmzLVdPj9FqFJNPqBZFve4w==
  dependencies:
    glob "^7.1.3"

safe-buffer@~5.2.0:
  version "5.2.1"
  resolved "https://registry.yarnpkg.com/safe-buffer/-/safe-buffer-5.2.1.tgz#1eaf9fa9bdb1fdd4ec75f58f9cdb4e6b7827eec6"
  integrity sha512-rp3So07KcdmmKbGvgaNxQSJr7bGVSVk5S9Eq1F+ppbRo70+YeaDxkw5Dd8NPN+GD6bjnYm2VuPuCXmpuYvmCXQ==

"setimmediate@>= 1.0.2 < 2", setimmediate@~1.0.1:
  version "1.0.5"
  resolved "https://registry.yarnpkg.com/setimmediate/-/setimmediate-1.0.5.tgz#290cbb232e306942d7d7ea9b83732ab7856f8285"
  integrity sha1-KQy7Iy4waULX1+qbg3Mqt4VvgoU=

"slice-stream@>= 1.0.0 < 2":
  version "1.0.0"
  resolved "https://registry.yarnpkg.com/slice-stream/-/slice-stream-1.0.0.tgz#5b33bd66f013b1a7f86460b03d463dec39ad3ea0"
  integrity sha1-WzO9ZvATsaf4ZGCwPUY97DmtPqA=
  dependencies:
    readable-stream "~1.0.31"

string_decoder@^1.1.1:
  version "1.3.0"
  resolved "https://registry.yarnpkg.com/string_decoder/-/string_decoder-1.3.0.tgz#42f114594a46cf1a8e30b0a84f56c78c3edac21e"
  integrity sha512-hkRX8U1WjJFd8LsDJ2yQ/wWWxaopEsABU1XfkM8A+j0+85JAGppt16cr1Whg6KIbb4okU6Mql6BOj+uup/wKeA==
  dependencies:
    safe-buffer "~5.2.0"

string_decoder@~0.10.x:
  version "0.10.31"
  resolved "https://registry.yarnpkg.com/string_decoder/-/string_decoder-0.10.31.tgz#62e203bc41766c6c28c9fc84301dab1c5310fa94"
  integrity sha1-YuIDvEF2bGwoyfyEMB2rHFMQ+pQ=

"traverse@>=0.3.0 <0.4":
  version "0.3.9"
  resolved "https://registry.yarnpkg.com/traverse/-/traverse-0.3.9.tgz#717b8f220cc0bb7b44e40514c22b2e8bbc70d8b9"
  integrity sha1-cXuPIgzAu3tE5AUUwisui7xw2Lk=

underscore@*:
  version "1.13.1"
  resolved "https://registry.yarnpkg.com/underscore/-/underscore-1.13.1.tgz#0c1c6bd2df54b6b69f2314066d65b6cde6fcf9d1"
  integrity sha512-hzSoAVtJF+3ZtiFX0VgfFPHEDRm7Y/QPjGyNo4TVdnDTdft3tr8hEkD25a1jC+TjTuE7tkHGKkhwCgs9dgBB2g==

util-deprecate@^1.0.1:
  version "1.0.2"
  resolved "https://registry.yarnpkg.com/util-deprecate/-/util-deprecate-1.0.2.tgz#450d4dc9fa70de732762fbd2d4a28981419a0ccf"
  integrity sha1-RQ1Nyfpw3nMnYvvS1KKJgUGaDM8=

wrappy@1:
  version "1.0.2"
  resolved "https://registry.yarnpkg.com/wrappy/-/wrappy-1.0.2.tgz#b5243d8f3ec1aa35f1364605bc0d1036e30ab69f"
  integrity sha1-tSQ9jz7BqjXxNkYFvA0QNuMKtp8=
